{
  "version": 1,
  "dependencies": {
    "net10.0": {
      "Absence.Fody": {
        "type": "Direct",
        "requested": "[2.0.11, )",
        "resolved": "2.0.11",
        "contentHash": "DoO21KRWNDlAt/amx2yD0Z1MAtpv5hC97EU2G9LEhptpgWsFedpBQuajvszRIMD2zIGXEzwSAkgAdvugjQdBoQ=="
      },
      "Collections.Analyzer": {
        "type": "Direct",
        "requested": "[0.2.14.1, )",
        "resolved": "0.2.14.1",
        "contentHash": "D/PGOXrvNPcDITDd8jDF9akeY6TeTvVehG+y13Zm9h9HY+fN/uLHcbcoJiBdi4HmCzV7WivTkaXBQ9OZqXlrjQ=="
      },
      "CommunityToolkit.HighPerformance": {
        "type": "Direct",
        "requested": "[8.4.2, )",
        "resolved": "8.4.2",
        "contentHash": "2hmtrrU18x6NL3mbuAqwy0KpnoEEJOuK6sH5RKQfD/jHijn2pqvqBUC7WGy9dgNBL9BDA7eOC0kirsNPMp2f4Q=="
      },
      "Divorce.Fody": {
        "type": "Direct",
        "requested": "[1.1.2, )",
        "resolved": "1.1.2",
        "contentHash": "c0IPHVtr5T02Y+YRzGWLNPGyWTIgqzWHdUVgl2vle/SnO4ZPgmlhTke2GltgGuYwAmKFEA7SJlaeCWeZMqkdiA=="
      },
      "Emik.SourceGenerators.Choices": {
        "type": "Direct",
        "requested": "[1.4.17, )",
        "resolved": "1.4.17",
        "contentHash": "TNcX2Q7AfIBgYj5/qvTYPK/ZZh90jU+uB0dobkGXXYFu3pNivYJR8PHMT2p7vSW7Y77R2W0WPO2Bsb5WyK0cAQ=="
      },
      "Emik.SourceGenerators.Implicit": {
        "type": "Direct",
        "requested": "[1.0.8, )",
        "resolved": "1.0.8",
        "contentHash": "ZvORDhXSnsU8W94otlq0cnnU+QZ8AwAp7bto2GmKDoLI1rdRL8lZBwthT/BFgGzXbUPYKgEyNWGzN1uM2w4Ldw=="
      },
      "Emik.SourceGenerators.Tattoo": {
        "type": "Direct",
        "requested": "[2.0.7, )",
        "resolved": "2.0.7",
        "contentHash": "DCEVX9qIWJZ/QNtcp1tAIyX+JcLVCfWxl9znuFBQtWcl1/3XF1AUf0pe+fSuNJH20NZrWguD+u8ye006AvtnEw=="
      },
      "Fody": {
        "type": "Direct",
        "requested": "[6.9.3, )",
        "resolved": "6.9.3",
        "contentHash": "1CUGgFdyECDKgi5HaUBhdv6k+VG9Iy4OCforGfHyar3xQXAJypZkzymgKtWj/4SPd6nSG0Qi7NH71qHrDSZLaA=="
      },
      "IDisposableAnalyzers": {
        "type": "Direct",
        "requested": "[4.0.8, )",
        "resolved": "4.0.8",
        "contentHash": "vNi4NMG0CcJyjXxiNDcQ21FwV/whM9o9OEZKD+oP7tuxAqFEzX/x5OhC3OZJqW/w+8GOtCmJPBquYgMWgz0rfQ=="
      },
      "ILMerge.Fody": {
        "type": "Direct",
        "requested": "[1.24.0, )",
        "resolved": "1.24.0",
        "contentHash": "Jg13T22kxyVUCP1lAfjSDKkL01XzMIM+GWd5kv9Hohi/9L2dhHZK55KQe2Yu/sHoQsYvRToeCDuIBKrNOJza7A==",
        "dependencies": {
          "Fody": "6.6.4"
        }
      },
      "InlineIL.Fody": {
        "type": "Direct",
        "requested": "[1.10.2, )",
        "resolved": "1.10.2",
        "contentHash": "sJCDXWpPUOPs8uUpbVF5WzT5tsI5ybUI1xM6gzN3CBC4Ckb3J7xcmmrXeUcjbyC9IwFQNyxMir3MyvTzTvCwmw==",
        "dependencies": {
          "Fody": "6.9.3"
        }
      },
      "JetBrains.Annotations": {
        "type": "Direct",
        "requested": "[2025.2.4, )",
        "resolved": "2025.2.4",
        "contentHash": "TwbgxAkXxY+vNEhNVx/QXjJ4vqxmepOjsgRvvImQPbHkHMMb4W+ahL3laMsxXKtNT7iMy+E1B3xkqao2hf1n3A=="
      },
      "JetBrainsAnnotations.Fody": {
        "type": "Direct",
        "requested": "[2.17.0, )",
        "resolved": "2.17.0",
        "contentHash": "poQLz+ZhKGJzmlVMkbh4+tSDGPAw7xcv2Pqimao2NERhXv4iF+T1gAcozFVDHiD5wpicaYelICIFohQ9AWq8Fg==",
        "dependencies": {
          "Fody": "6.5.1",
          "JetBrains.Annotations": "2021.1.0"
        }
      },
      "Microsoft.CodeAnalysis.Analyzers": {
        "type": "Direct",
        "requested": "[5.3.0, )",
        "resolved": "5.3.0",
        "contentHash": "KuLhbZwB0L8JikL86AE5VWEp3RLNjIcp+j8yz9EJ/UBgRz4+qDEjHg/tluRFbpYpD/e37BqaaNFbQ0vqawBwWQ=="
      },
      "Microsoft.ML": {
        "type": "Direct",
        "requested": "[6.0.0-preview.26160.2, )",
        "resolved": "6.0.0-preview.26160.2",
        "contentHash": "r/yUe5aGW7BL6ZyLaD7Fdsp2ocoreZXIpPfas95pigQiktaB1KoFFj4rEx35gM/A3M0xeu6lZYjpCrEByBwNhQ==",
        "dependencies": {
          "Microsoft.Bcl.AsyncInterfaces": "9.0.4",
          "Microsoft.ML.CpuMath": "6.0.0-preview.26160.2",
          "Microsoft.ML.DataView": "6.0.0-preview.26160.2",
          "Newtonsoft.Json": "13.0.3",
          "System.CodeDom": "9.0.4",
          "System.Numerics.Tensors": "9.0.4"
        }
      },
      "MonoGame.Framework.DesktopGL": {
        "type": "Direct",
        "requested": "[3.8.5-preview.6, )",
        "resolved": "3.8.5-preview.6",
        "contentHash": "O1xKxaH8ual49llt06uJ7zGjZyDTzzTeYLtnRIehndn4HEOlDupx2UqRWl9hAV4oryChnupA9izDtdqUQ37xbQ==",
        "dependencies": {
          "MonoGame.Library.OpenAL": "1.24.3.4",
          "MonoGame.Library.SDL": "2.32.10.2",
          "NVorbis": "0.10.4"
        }
      },
      "NullGuard.Fody": {
        "type": "Direct",
        "requested": "[3.1.1, )",
        "resolved": "3.1.1",
        "contentHash": "v3S5KBsTafu8lTlO1eouW8Ly6JLcEXRBZAbXbNJfb4fpehY+iSE8m1o4wJQodaEafkPlhoOM4/BnoePKGp1c4A==",
        "dependencies": {
          "Fody": "6.6.4"
        }
      },
      "ReflectionAnalyzers": {
        "type": "Direct",
        "requested": "[0.3.1, )",
        "resolved": "0.3.1",
        "contentHash": "Q7N3nziye+vGsDPcrKrPFjlaFhrM+1adtJcpjFeq4ufBB+uKc4kRezSK03382xpE8iNQbiRHUl+z31NW0W18FQ=="
      },
      "StaticLambda.Fody": {
        "type": "Direct",
        "requested": "[1.1.0, )",
        "resolved": "1.1.0",
        "contentHash": "Znant6dbREKt0rn4WkP5Z96k2cIo/6AlctoYqmbem0NsM4rnFkaWBXN2spxX9LBGzRnvBA03pGYbpC9gfzqKKg=="
      },
      "Text.Analyzers": {
        "type": "Direct",
        "requested": "[5.0.0-1.25277.114, )",
        "resolved": "5.0.0-1.25277.114",
        "contentHash": "nbYnMWteAF4lNvlqD24ejnmeEvmYW3tchdrymrhqhDbnsDqkUyg2N/uQY1FIyQNwLXX3eMwF7GQ+Z37rgtKxgw=="
      },
      "Microsoft.Bcl.AsyncInterfaces": {
        "type": "Transitive",
        "resolved": "9.0.4",
        "contentHash": "9VGI5kxIvrNG2mqLQZnUR6y/3fcnygD8eNpHR+CqfbnIXvea6nehnYknDKQTxZVPMpzpNca+7DxLBmpdB3q0Bw=="
      },
      "Microsoft.ML.CpuMath": {
        "type": "Transitive",
        "resolved": "6.0.0-preview.26160.2",
        "contentHash": "FsVNASiQrgXz1P+Y6k5SYez5TpUPFEF2sGNWItfheqzKTYB+LDQPUNhtppPiR0ipAkiBRRlXC5FxPyK2x3tRjA==",
        "dependencies": {
          "System.Numerics.Tensors": "9.0.4"
        }
      },
      "Microsoft.ML.DataView": {
        "type": "Transitive",
        "resolved": "6.0.0-preview.26160.2",
        "contentHash": "53oyTKHxvoxVQA32BxalPEsDccG+0eY0AWJHdh5xn151mcFZOIR/bxWzKtunpov7lfANNauYza2iiNMmnOpi/Q=="
      },
      "MonoGame.Library.OpenAL": {
        "type": "Transitive",
        "resolved": "1.24.3.4",
        "contentHash": "/FhE0hblY9owGPvIHnMbH+6kXtjfl+/t3Cm776RQiZnGyxGy2Qd9pTAzclLuMO8pvtjiGLYkkRwjRciUA4XFyQ=="
      },
      "MonoGame.Library.SDL": {
        "type": "Transitive",
        "resolved": "2.32.10.2",
        "contentHash": "mtnmWr50KgH2Ui9fPscHPMI3sXgb5NBRnPS7igi4ViJ23ROdP+MLi/j9CmLWX47KuXvI3Bp5BElCDVwRUlswgg=="
      },
      "Newtonsoft.Json": {
        "type": "Transitive",
        "resolved": "13.0.3",
        "contentHash": "HrC5BXdl00IP9zeV+0Z848QWPAoCr9P3bDEZguI+gkLcBKAOxix/tLEAAHC+UvDNPv4a2d18lOReHMOagPa+zQ=="
      },
      "NVorbis": {
        "type": "Transitive",
        "resolved": "0.10.4",
        "contentHash": "WYnil3DhQHzjCY0dM9I2B3r1vWip90AOuQd25KE4NrjPQBg0tBJFluRLm5YPnO5ZLDmwrfosY8jCQGQRmWI/Pg=="
      },
      "System.CodeDom": {
        "type": "Transitive",
        "resolved": "9.0.4",
        "contentHash": "aJdv7Z87PoPW8ijvGIincocooYRbH3Umtlz7OrJKf6GDInbdu1bvk5X1fFlmbl7WP+9ntoIBd7NjKz+siVFdHA=="
      },
      "System.Numerics.Tensors": {
        "type": "Transitive",
        "resolved": "9.0.4",
        "contentHash": "ynVvqELpMWGQJ1Y90rlAmuTiSQIkXD0W5AMj7pVpEjECmrcIJLexIBblgccerHFijayfcsl1KCbkk+Sg5cS9vQ=="
      }
    },
    "net10.0/win-x64": {
      "Microsoft.ML": {
        "type": "Direct",
        "requested": "[6.0.0-preview.26160.2, )",
        "resolved": "6.0.0-preview.26160.2",
        "contentHash": "r/yUe5aGW7BL6ZyLaD7Fdsp2ocoreZXIpPfas95pigQiktaB1KoFFj4rEx35gM/A3M0xeu6lZYjpCrEByBwNhQ==",
        "dependencies": {
          "Microsoft.Bcl.AsyncInterfaces": "9.0.4",
          "Microsoft.ML.CpuMath": "6.0.0-preview.26160.2",
          "Microsoft.ML.DataView": "6.0.0-preview.26160.2",
          "Newtonsoft.Json": "13.0.3",
          "System.CodeDom": "9.0.4",
          "System.Numerics.Tensors": "9.0.4"
        }
      },
      "Microsoft.ML.CpuMath": {
        "type": "Transitive",
        "resolved": "6.0.0-preview.26160.2",
        "contentHash": "FsVNASiQrgXz1P+Y6k5SYez5TpUPFEF2sGNWItfheqzKTYB+LDQPUNhtppPiR0ipAkiBRRlXC5FxPyK2x3tRjA==",
        "dependencies": {
          "System.Numerics.Tensors": "9.0.4"
        }
      },
      "MonoGame.Library.OpenAL": {
        "type": "Transitive",
        "resolved": "1.24.3.4",
        "contentHash": "/FhE0hblY9owGPvIHnMbH+6kXtjfl+/t3Cm776RQiZnGyxGy2Qd9pTAzclLuMO8pvtjiGLYkkRwjRciUA4XFyQ=="
      },
      "MonoGame.Library.SDL": {
        "type": "Transitive",
        "resolved": "2.32.10.2",
        "contentHash": "mtnmWr50KgH2Ui9fPscHPMI3sXgb5NBRnPS7igi4ViJ23ROdP+MLi/j9CmLWX47KuXvI3Bp5BElCDVwRUlswgg=="
      }
    }
  }
}